
Microsoft Visual Studio Solution File, Format Version 12.00
# Visual Studio 15
VisualStudioVersion = 15.0.27004.2002
MinimumVisualStudioVersion = 10.0.40219.1
Project("{FAE04EC0-301F-11D3-BF4B-00C04F79EFBC}") = "ProyectoInventario", "ProyectoInventario\ProyectoInventario.csproj", "{EE7B7314-31C4-46A1-8F44-50017526B044}"
EndProject
Project("{FAE04EC0-301F-11D3-BF4B-00C04F79EFBC}") = "AccesoDatos", "AccesoDatos\AccesoDatos.csproj", "{07612F76-529A-4497-A5A8-B2383F90E350}"
EndProject
Project("{FAE04EC0-301F-11D3-BF4B-00C04F79EFBC}") = "Helper", "Helper\Helper.csproj", "{C7DD2C3D-5F5D-43C7-ABDB-69D75E85E597}"
EndProject
Global
	GlobalSection(SolutionConfigurationPlatforms) = preSolution
		Debug|Any CPU = Debug|Any CPU
		Debug|ARM = Debug|ARM
		Debug|x64 = Debug|x64
		Debug|x86 = Debug|x86
		Release|Any CPU = Release|Any CPU
		Release|ARM = Release|ARM
		Release|x64 = Release|x64
		Release|x86 = Release|x86
	EndGlobalSection
	GlobalSection(ProjectConfigurationPlatforms) = postSolution
		{EE7B7314-31C4-46A1-8F44-50017526B044}.Debug|Any CPU.ActiveCfg = Debug|Any CPU
		{EE7B7314-31C4-46A1-8F44-50017526B044}.Debug|Any CPU.Build.0 = Debug|Any CPU
		{EE7B7314-31C4-46A1-8F44-50017526B044}.Debug|ARM.ActiveCfg = Debug|Any CPU
		{EE7B7314-31C4-46A1-8F44-50017526B044}.Debug|ARM.Build.0 = Debug|Any CPU
		{EE7B7314-31C4-46A1-8F44-50017526B044}.Debug|x64.ActiveCfg = Debug|Any CPU
		{EE7B7314-31C4-46A1-8F44-50017526B044}.Debug|x64.Build.0 = Debug|Any CPU
		{EE7B7314-31C4-46A1-8F44-50017526B044}.Debug|x86.ActiveCfg = Debug|Any CPU
		{EE7B7314-31C4-46A1-8F44-50017526B044}.Debug|x86.Build.0 = Debug|Any CPU
		{EE7B7314-31C4-46A1-8F44-50017526B044}.Release|Any CPU.ActiveCfg = Release|Any CPU
		{EE7B7314-31C4-46A1-8F44-50017526B044}.Release|Any CPU.Build.0 = Release|Any CPU
		{EE7B7314-31C4-46A1-8F44-50017526B044}.Release|ARM.ActiveCfg = Release|Any CPU
		{EE7B7314-31C4-46A1-8F44-50017526B044}.Release|ARM.Build.0 = Release|Any CPU
		{EE7B7314-31C4-46A1-8F44-50017526B044}.Release|x64.ActiveCfg = Release|Any CPU
		{EE7B7314-31C4-46A1-8F44-50017526B044}.Release|x64.Build.0 = Release|Any CPU
		{EE7B7314-31C4-46A1-8F44-50017526B044}.Release|x86.ActiveCfg = Release|Any CPU
		{EE7B7314-31C4-46A1-8F44-50017526B044}.Release|x86.Build.0 = Release|Any CPU
		{07612F76-529A-4497-A5A8-B2383F90E350}.Debug|Any CPU.ActiveCfg = Debug|Any CPU
		{07612F76-529A-4497-A5A8-B2383F90E350}.Debug|Any CPU.Build.0 = Debug|Any CPU
		{07612F76-529A-4497-A5A8-B2383F90E350}.Debug|ARM.ActiveCfg = Debug|Any CPU
		{07612F76-529A-4497-A5A8-B2383F90E350}.Debug|ARM.Build.0 = Debug|Any CPU
		{07612F76-529A-4497-A5A8-B2383F90E350}.Debug|x64.ActiveCfg = Debug|Any CPU
		{07612F76-529A-4497-A5A8-B2383F90E350}.Debug|x64.Build.0 = Debug|Any CPU
		{07612F76-529A-4497-A5A8-B2383F90E350}.Debug|x86.ActiveCfg = Debug|Any CPU
		{07612F76-529A-4497-A5A8-B2383F90E350}.Debug|x86.Build.0 = Debug|Any CPU
		{07612F76-529A-4497-A5A8-B2383F90E350}.Release|Any CPU.ActiveCfg = Release|Any CPU
		{07612F76-529A-4497-A5A8-B2383F90E350}.Release|Any CPU.Build.0 = Release|Any CPU
		{07612F76-529A-4497-A5A8-B2383F90E350}.Release|ARM.ActiveCfg = Release|Any CPU
		{07612F76-529A-4497-A5A8-B2383F90E350}.Release|ARM.Build.0 = Release|Any CPU
		{07612F76-529A-4497-A5A8-B2383F90E350}.Release|x64.ActiveCfg = Release|Any CPU
		{07612F76-529A-4497-A5A8-B2383F90E350}.Release|x64.Build.0 = Release|Any CPU
		{07612F76-529A-4497-A5A8-B2383F90E350}.Release|x86.ActiveCfg = Release|Any CPU
		{07612F76-529A-4497-A5A8-B2383F90E350}.Release|x86.Build.0 = Release|Any CPU
		{C7DD2C3D-5F5D-43C7-ABDB-69D75E85E597}.Debug|Any CPU.ActiveCfg = Debug|Any CPU
		{C7DD2C3D-5F5D-43C7-ABDB-69D75E85E597}.Debug|Any CPU.Build.0 = Debug|Any CPU
		{C7DD2C3D-5F5D-43C7-ABDB-69D75E85E597}.Debug|ARM.ActiveCfg = Debug|Any CPU
		{C7DD2C3D-5F5D-43C7-ABDB-69D75E85E597}.Debug|ARM.Build.0 = Debug|Any CPU
		{C7DD2C3D-5F5D-43C7-ABDB-69D75E85E597}.Debug|x64.ActiveCfg = Debug|Any CPU
		{C7DD2C3D-5F5D-43C7-ABDB-69D75E85E597}.Debug|x64.Build.0 = Debug|Any CPU
		{C7DD2C3D-5F5D-43C7-ABDB-69D75E85E597}.Debug|x86.ActiveCfg = Debug|Any CPU
		{C7DD2C3D-5F5D-43C7-ABDB-69D75E85E597}.Debug|x86.Build.0 = Debug|Any CPU
		{C7DD2C3D-5F5D-43C7-ABDB-69D75E85E597}.Release|Any CPU.ActiveCfg = Release|Any CPU
		{C7DD2C3D-5F5D-43C7-ABDB-69D75E85E597}.Release|Any CPU.Build.0 = Release|Any CPU
		{C7DD2C3D-5F5D-43C7-ABDB-69D75E85E597}.Release|ARM.ActiveCfg = Release|Any CPU
		{C7DD2C3D-5F5D-43C7-ABDB-69D75E85E597}.Release|ARM.Build.0 = Release|Any CPU
		{C7DD2C3D-5F5D-43C7-ABDB-69D75E85E597}.Release|x64.ActiveCfg = Release|Any CPU
		{C7DD2C3D-5F5D-43C7-ABDB-69D75E85E597}.Release|x64.Build.0 = Release|Any CPU
		{C7DD2C3D-5F5D-43C7-ABDB-69D75E85E597}.Release|x86.ActiveCfg = Release|Any CPU
		{C7DD2C3D-5F5D-43C7-ABDB-69D75E85E597}.Release|x86.Build.0 = Release|Any CPU
	EndGlobalSection
	GlobalSection(SolutionProperties) = preSolution
		HideSolutionNode = FALSE
	EndGlobalSection
	GlobalSection(ExtensibilityGlobals) = postSolution
		SolutionGuid = {9C5EEF7A-CF6B-474D-B9D9-87D34C4F8D34}
	EndGlobalSection
EndGlobal
